{
    "_meta": {
        "hash": {
            "sha256": "ae4bdd7d4157baab65ae9d0e8389a6011e6b640995372c45ec81fa5d1ddfae9f"
        },
        "pipfile-spec": 6,
        "requires": {
            "python_version": "2.7"
        },
        "sources": [
            {
                "name": "pypi",
                "url": "https://pypi.org/simple",
                "verify_ssl": true
            }
        ]
    },
    "default": {},
    "develop": {}
}
