{
    "_meta": {
        "hash": {
            "sha256": "6eb5b78495389238d60e0a9de72d2ce6eed8c8531826a388e692f0746f0c1deb"
        },
        "pipfile-spec": 6,
        "requires": {
            "python_version": "3.6"
        },
        "sources": [
            {
                "name": "pypi",
                "url": "https://pypi.org/simple",
                "verify_ssl": true
            }
        ]
    },
    "default": {
        "apscheduler": {
            "hashes": [
                "sha256:443d015339ceca347f9ed14a66e9b610f99f19f8ef9048aa1cdabee2560824e1",
                "sha256:952c8f46a11f32b9d5bfbe3e347dac2cdf0680d8b4799590dc9c3a9865b73b65"
            ],
            "index": "pypi",
            "version": "==3.5.1"
        },
        "b1eb468": {
            "path": "./../../scc-client/v1alpha3/python/securitycenter-v1alpha3"
        },
        "cachetools": {
            "hashes": [
                "sha256:0a258d82933a1dd18cb540aca4ac5d5690731e24d1239a08577b814998f49785",
                "sha256:4621965b0d9d4c82a79a29edbad19946f5e7702df4afae7d1ed2df951559a8cc"
            ],
            "version": "==3.0.0"
        },
        "certifi": {
            "hashes": [
                "sha256:47f9c83ef4c0c621eaef743f133f09fa8a74a9b75f037e8624f83bd1b6626cb7",
                "sha256:993f830721089fef441cdfeb4b2c8c9df86f0c63239f06bd025a76a7daddb033"
            ],
            "version": "==2018.11.29"
        },
        "chardet": {
            "hashes": [
                "sha256:84ab92ed1c4d4f16916e05906b6b75a6c0fb5db821cc65e70cbd64a3e2a5eaae",
                "sha256:fc323ffcaeaed0e0a02bf4d117757b98aed530d9ed4531e3e15460124c106691"
            ],
            "version": "==3.0.4"
        },
        "croniter": {
            "hashes": [
                "sha256:1cdc2589b2954bebaa339dec687588ebed6884bde37f7594ac637dd7d851facf"
            ],
            "index": "pypi",
            "version": "==0.3.23"
        },
        "d73f729": {
            "path": "./../../scc-client"
        },
        "google-api-core": {
            "extras": [
                "grpc"
            ],
            "hashes": [
                "sha256:481f3a306f39c7cb0b4901fc1cc133c693343e82604871fd8f83fcb8a2ee2921",
                "sha256:84dca4d7fcf13574ad8e31ba02ad04ffcdb2e5b596383571e3105d9d0ad70d27"
            ],
            "version": "==1.6.0"
        },
        "google-api-python-client": {
            "hashes": [
                "sha256:76fb37d199dfeae4fa8ee6c1c1118f3055750e3091a6bf11d131c0dcf4cd8a0e",
                "sha256:85674c2aa4b96a478b4d0859f8b814879551a4eaf6977ead6f94863aa8ab46ef"
            ],
            "index": "pypi",
            "version": "==1.7.5"
        },
        "google-auth": {
            "hashes": [
                "sha256:494e747bdc2cdeb0fa6ef85118de2ea1a563f160294cce05048c6ff563fda1bb",
                "sha256:b08a27888e9d1c17a891b3688aacc9c6f2019d7f6c5a2e73588e6bb9a2c0fa98"
            ],
            "version": "==1.6.1"
        },
        "google-auth-httplib2": {
            "hashes": [
                "sha256:098fade613c25b4527b2c08fa42d11f3c2037dda8995d86de0745228e965d445",
                "sha256:f1c437842155680cf9918df9bc51c1182fda41feef88c34004bd1978c8157e08"
            ],
            "version": "==0.0.3"
        },
        "google-cloud-pubsub": {
            "hashes": [
                "sha256:35694ed3f95031d9a40731fbeec7594a55ef0456b6d569435957ed845f5e0d7e",
                "sha256:5463a257ef64143e1c8ade9d695cfe669865d2f88d26b3cc8723fb77364d937b"
            ],
            "index": "pypi",
            "version": "==0.34.0"
        },
        "googleapis-common-protos": {
            "extras": [
                "grpc"
            ],
            "hashes": [
                "sha256:0946967c4c29b1339bb211949e1e17dbe0ae9ff8265fafa7bf4cf2164ef5a3b1"
            ],
            "version": "==1.5.5"
        },
        "grpc-google-iam-v1": {
            "hashes": [
                "sha256:5009e831dcec22f3ff00e89405249d6a838d1449a46ac8224907aa5b0e0b1aec"
            ],
            "version": "==0.11.4"
        },
        "grpcio": {
            "hashes": [
                "sha256:0930ecfc6c07c1484196643c9de9b409c583b9f06ad6b4d2a2778bd48cc75210",
                "sha256:105ef978b29d1e08b5b404f3267ac80c26be55cb6e21b7cff1b94091d1c9eac7",
                "sha256:18fcfa88a6ce7b3a1e903823fe1adc4367c01c28e992ef6cee2cbf85390d63bb",
                "sha256:1cbafb3e1a5e6f54f9f0d493d7e41e2a4fc6476e5954bb60bab91e223b694429",
                "sha256:1ec9cb3ebbe9d3ec1db0153593dbc55394b600353056ccb88df4d7ce947247c0",
                "sha256:278d2072a4bcd42cd1d3810611a510abee37f0dfcfa7c1c29a306b2a1b9690d6",
                "sha256:33a899c9dbb33b493dc16ce2f9088e1002094a55cc7260efb78488a69ef48c53",
                "sha256:3f5828cd296a4b2b819dad0cf9b22d859af874b20d0f7ab485d1c430419256fd",
                "sha256:43fda83c2b540c11735f9e039cb2470e4925ca9c128a34fbb74bf2e419623c15",
                "sha256:5216b5e90dcae438d3e9aeb6dce3f0d18d8f96434e660653c992c5cd8a13ad6d",
                "sha256:5695c79e4c8a20caa2fe2f570dcda1cc5536cb9e8f03eafb94a6b0f37552b382",
                "sha256:5805827bdebc24f4c4ab18e425e5e8af85d34154e4fbc0673964e3b0b80a782c",
                "sha256:5e47c1d13d330451fe2a5dc5350c7302e5ff43dfa4e3adf9ac880aa16ea4b306",
                "sha256:5fe448942f3deeccc15b50c9e0b4f73ce56c32e34e69c56b91b7645d3239b700",
                "sha256:61de1a7334464017f3cd169c8d02ca96814bdc74f7f7b3bcc3c80d98611ce11f",
                "sha256:65ca882c09c94cb395517c4c2727b09cb281514125a93bb4c571df2edba90101",
                "sha256:6c9bb3c2b23a2aca31c75edfc71535d72c8d08b29ebb9dd020450406c8fb972f",
                "sha256:7e62575e56827888188dd75629467d53413130caf0c6dd82a7912a51dead1300",
                "sha256:886bcefd4d679800c50adf465afe45b5b41742e771addaa94d4ce69c3086ea92",
                "sha256:8a272e3c57813a60d66c734be964873330eb0ba3e4175d847f5c2f9c65a4bc47",
                "sha256:8c0471bede2b5410a38ad054174f32a396bc20161fb5a77179eabe64d30fe5b3",
                "sha256:8f3d1e03bd5f60394e1920dc85236efac993eee5011d03c64e3238f6ead84410",
                "sha256:9297254ba6fe73361444fe7ebf0e7b96c68597779127e7e77dfeb08b0a9e1806",
                "sha256:94ecb774cf0fa0de95c2a856fc4cc51e321fb635b851734dba94f8f9b64828bf",
                "sha256:a22fb84b8bd15f006380a83dea0c558beafb6beb5a6c3922c16770638f5cdbec",
                "sha256:a44d5e43c0ec103fc327be0b732fed1783db20dcc3e43dbc77e779b49046fe06",
                "sha256:a6fb8ba46b35ec1bc4e3875934e1641469cb655228960d29af0ebba7733e21e2",
                "sha256:bbb0771f45425898ff6bd480effef36dcc9609dbb0a311fb6afabbde05b3ab8a",
                "sha256:beee76e4a0beaa43eb2b1a0e34aa4a547aea28626e8553bca5c705436ca485e3",
                "sha256:cd29fe5d9617dfe8047addd276964f4c28e0a8861ba23b63caacb2ff680010ec",
                "sha256:d1c64466c388001ce7ef420bf8cfd289b47938ac897e0293b9a8fbd64fd8546b",
                "sha256:d6c5bc95fe91ca0b62b8aa10c6f8839a17e346f61baa17e66ba3228524beb32c"
            ],
            "version": "==1.17.0"
        },
        "httplib2": {
            "hashes": [
                "sha256:f61fb838a94ce3b349aa32c92fd8430f7e3511afdb18bf9640d647e30c90a6d6"
            ],
            "version": "==0.12.0"
        },
        "idna": {
            "hashes": [
                "sha256:156a6814fb5ac1fc6850fb002e0852d56c0c8d2531923a51032d1b70760e186e",
                "sha256:684a38a6f903c1d71d6d5fac066b58d7768af4de2b832e426ec79c30daa94a16"
            ],
            "version": "==2.7"
        },
        "jsonpickle": {
            "hashes": [
                "sha256:545b3bee0d65e1abb4baa1818edcc9ec239aa9f2ffbfde8084d71c056180054f"
            ],
            "index": "pypi",
            "version": "==0.9.6"
        },
        "protobuf": {
            "hashes": [
                "sha256:10394a4d03af7060fa8a6e1cbf38cea44be1467053b0aea5bbfcb4b13c4b88c4",
                "sha256:1489b376b0f364bcc6f89519718c057eb191d7ad6f1b395ffd93d1aa45587811",
                "sha256:1931d8efce896981fe410c802fd66df14f9f429c32a72dd9cfeeac9815ec6444",
                "sha256:196d3a80f93c537f27d2a19a4fafb826fb4c331b0b99110f985119391d170f96",
                "sha256:46e34fdcc2b1f2620172d3a4885128705a4e658b9b62355ae5e98f9ea19f42c2",
                "sha256:4b92e235a3afd42e7493b281c8b80c0c65cbef45de30f43d571d1ee40a1f77ef",
                "sha256:574085a33ca0d2c67433e5f3e9a0965c487410d6cb3406c83bdaf549bfc2992e",
                "sha256:59cd75ded98094d3cf2d79e84cdb38a46e33e7441b2826f3838dcc7c07f82995",
                "sha256:5ee0522eed6680bb5bac5b6d738f7b0923b3cafce8c4b1a039a6107f0841d7ed",
                "sha256:65917cfd5da9dfc993d5684643063318a2e875f798047911a9dd71ca066641c9",
                "sha256:685bc4ec61a50f7360c9fd18e277b65db90105adbf9c79938bd315435e526b90",
                "sha256:92e8418976e52201364a3174e40dc31f5fd8c147186d72380cbda54e0464ee19",
                "sha256:9335f79d1940dfb9bcaf8ec881fb8ab47d7a2c721fb8b02949aab8bbf8b68625",
                "sha256:a7ee3bb6de78185e5411487bef8bc1c59ebd97e47713cba3c460ef44e99b3db9",
                "sha256:ceec283da2323e2431c49de58f80e1718986b79be59c266bb0509cbf90ca5b9e",
                "sha256:fcfc907746ec22716f05ea96b7f41597dfe1a1c088f861efb8a0d4f4196a6f10"
            ],
            "version": "==3.6.1"
        },
        "pyasn1": {
            "hashes": [
                "sha256:b9d3abc5031e61927c82d4d96c1cec1e55676c1a991623cfed28faea73cdd7ca",
                "sha256:f58f2a3d12fd754aa123e9fa74fb7345333000a035f3921dbdaa08597aa53137"
            ],
            "version": "==0.4.4"
        },
        "pyasn1-modules": {
            "hashes": [
                "sha256:a0cf3e1842e7c60fde97cb22d275eb6f9524f5c5250489e292529de841417547",
                "sha256:a38a8811ea784c0136abfdba73963876328f66172db21a05a82f9515909bfb4e"
            ],
            "version": "==0.2.2"
        },
        "python-dateutil": {
            "hashes": [
                "sha256:063df5763652e21de43de7d9e00ccf239f953a832941e37be541614732cdfc93",
                "sha256:88f9287c0174266bb0d8cedd395cfba9c58e87e5ad86b2ce58859bc11be3cf02"
            ],
            "version": "==2.7.5"
        },
        "pytz": {
            "hashes": [
                "sha256:31cb35c89bd7d333cd32c5f278fca91b523b0834369e757f4c5641ea252236ca",
                "sha256:8e0f8568c118d3077b46be7d654cc8167fa916092e28320cde048e54bfc9f1e6"
            ],
            "version": "==2018.7"
        },
        "requests": {
            "hashes": [
                "sha256:65b3a120e4329e33c9889db89c80976c5272f56ea92d3e74da8a463992e3ff54",
                "sha256:ea881206e59f41dbd0bd445437d792e43906703fff75ca8ff43ccdb11f33f263"
            ],
            "version": "==2.20.1"
        },
        "rsa": {
            "hashes": [
                "sha256:14ba45700ff1ec9eeb206a2ce76b32814958a98e372006c8fb76ba820211be66",
                "sha256:1a836406405730121ae9823e19c6e806c62bbad73f890574fff50efa4122c487"
            ],
            "version": "==4.0"
        },
        "six": {
            "hashes": [
                "sha256:70e8a77beed4562e7f14fe23a786b54f6296e34344c23bc42f07b15018ff98e9",
                "sha256:832dc0e10feb1aa2c68dcc57dbb658f1c7e65b9b61af69048abc87a2db00a0eb"
            ],
            "version": "==1.11.0"
        },
        "tzlocal": {
            "hashes": [
                "sha256:4ebeb848845ac898da6519b9b31879cf13b6626f7184c496037b818e238f2c4e"
            ],
            "version": "==1.5.1"
        },
        "uritemplate": {
            "hashes": [
                "sha256:01c69f4fe8ed503b2951bef85d996a9d22434d2431584b5b107b2981ff416fbd",
                "sha256:1b9c467a940ce9fb9f50df819e8ddd14696f89b9a8cc87ac77952ba416e0a8fd",
                "sha256:c02643cebe23fc8adb5e6becffe201185bf06c40bda5c0b4028a93f1527d011d"
            ],
            "version": "==3.0.0"
        },
        "urllib3": {
            "hashes": [
                "sha256:61bf29cada3fc2fbefad4fdf059ea4bd1b4a86d2b6d15e1c7c0b582b9752fe39",
                "sha256:de9529817c93f27c8ccbfead6985011db27bd0ddfcdb2d86f3f663385c6a9c22"
            ],
            "version": "==1.24.1"
        }
    },
    "develop": {
        "attrs": {
            "hashes": [
                "sha256:10cbf6e27dbce8c30807caf056c8eb50917e0eaafe86347671b57254006c3e69",
                "sha256:ca4be454458f9dec299268d472aaa5a11f67a4ff70093396e1ceae9c76cf4bbb"
            ],
            "version": "==18.2.0"
        },
        "click": {
            "hashes": [
                "sha256:2335065e6395b9e67ca716de5f7526736bfa6ceead690adf616d925bdc622b13",
                "sha256:5b94b49521f6456670fdb30cd82a4eca9412788a93fa6dd6df72c94d5a8ff2d7"
            ],
            "version": "==7.0"
        },
        "coverage": {
            "hashes": [
                "sha256:09e47c529ff77bf042ecfe858fb55c3e3eb97aac2c87f0349ab5a7efd6b3939f",
                "sha256:0a1f9b0eb3aa15c990c328535655847b3420231af299386cfe5efc98f9c250fe",
                "sha256:0cc941b37b8c2ececfed341444a456912e740ecf515d560de58b9a76562d966d",
                "sha256:10e8af18d1315de936d67775d3a814cc81d0747a1a0312d84e27ae5610e313b0",
                "sha256:1b4276550b86caa60606bd3572b52769860a81a70754a54acc8ba789ce74d607",
                "sha256:1e8a2627c48266c7b813975335cfdea58c706fe36f607c97d9392e61502dc79d",
                "sha256:2b224052bfd801beb7478b03e8a66f3f25ea56ea488922e98903914ac9ac930b",
                "sha256:447c450a093766744ab53bf1e7063ec82866f27bcb4f4c907da25ad293bba7e3",
                "sha256:46101fc20c6f6568561cdd15a54018bb42980954b79aa46da8ae6f008066a30e",
                "sha256:4710dc676bb4b779c4361b54eb308bc84d64a2fa3d78e5f7228921eccce5d815",
                "sha256:510986f9a280cd05189b42eee2b69fecdf5bf9651d4cd315ea21d24a964a3c36",
                "sha256:5535dda5739257effef56e49a1c51c71f1d37a6e5607bb25a5eee507c59580d1",
                "sha256:5a7524042014642b39b1fcae85fb37556c200e64ec90824ae9ecf7b667ccfc14",
                "sha256:5f55028169ef85e1fa8e4b8b1b91c0b3b0fa3297c4fb22990d46ff01d22c2d6c",
                "sha256:6694d5573e7790a0e8d3d177d7a416ca5f5c150742ee703f3c18df76260de794",
                "sha256:6831e1ac20ac52634da606b658b0b2712d26984999c9d93f0c6e59fe62ca741b",
                "sha256:77f0d9fa5e10d03aa4528436e33423bfa3718b86c646615f04616294c935f840",
                "sha256:828ad813c7cdc2e71dcf141912c685bfe4b548c0e6d9540db6418b807c345ddd",
                "sha256:85a06c61598b14b015d4df233d249cd5abfa61084ef5b9f64a48e997fd829a82",
                "sha256:8cb4febad0f0b26c6f62e1628f2053954ad2c555d67660f28dfb1b0496711952",
                "sha256:a5c58664b23b248b16b96253880b2868fb34358911400a7ba39d7f6399935389",
                "sha256:aaa0f296e503cda4bc07566f592cd7a28779d433f3a23c48082af425d6d5a78f",
                "sha256:ab235d9fe64833f12d1334d29b558aacedfbca2356dfb9691f2d0d38a8a7bfb4",
                "sha256:b3b0c8f660fae65eac74fbf003f3103769b90012ae7a460863010539bb7a80da",
                "sha256:bab8e6d510d2ea0f1d14f12642e3f35cefa47a9b2e4c7cea1852b52bc9c49647",
                "sha256:c45297bbdbc8bb79b02cf41417d63352b70bcb76f1bbb1ee7d47b3e89e42f95d",
                "sha256:d19bca47c8a01b92640c614a9147b081a1974f69168ecd494687c827109e8f42",
                "sha256:d64b4340a0c488a9e79b66ec9f9d77d02b99b772c8b8afd46c1294c1d39ca478",
                "sha256:da969da069a82bbb5300b59161d8d7c8d423bc4ccd3b410a9b4d8932aeefc14b",
                "sha256:ed02c7539705696ecb7dc9d476d861f3904a8d2b7e894bd418994920935d36bb",
                "sha256:ee5b8abc35b549012e03a7b1e86c09491457dba6c94112a2482b18589cc2bdb9"
            ],
            "index": "pypi",
            "version": "==4.5.2"
        },
        "flask": {
            "hashes": [
                "sha256:2271c0070dbcb5275fad4a82e29f23ab92682dc45f9dfbc22c02ba9b9322ce48",
                "sha256:a080b744b7e345ccfcbc77954861cb05b3c63786e93f2b3875e0913d44b43f05"
            ],
            "version": "==1.0.2"
        },
        "itsdangerous": {
            "hashes": [
                "sha256:321b033d07f2a4136d3ec762eac9f16a10ccd60f53c0c91af90217ace7ba1f19",
                "sha256:b12271b2047cb23eeb98c8b5622e2e5c5e9abd9784a153e9d8ef9cb4dd09d749"
            ],
            "version": "==1.1.0"
        },
        "jinja2": {
            "hashes": [
                "sha256:74c935a1b8bb9a3947c50a54766a969d4846290e1e788ea44c1392163723c3bd",
                "sha256:f84be1bb0040caca4cea721fcbbbbd61f9be9464ca236387158b0feea01914a4"
            ],
            "version": "==2.10"
        },
        "markupsafe": {
            "hashes": [
                "sha256:048ef924c1623740e70204aa7143ec592504045ae4429b59c30054cb31e3c432",
                "sha256:130f844e7f5bdd8e9f3f42e7102ef1d49b2e6fdf0d7526df3f87281a532d8c8b",
                "sha256:19f637c2ac5ae9da8bfd98cef74d64b7e1bb8a63038a3505cd182c3fac5eb4d9",
                "sha256:1b8a7a87ad1b92bd887568ce54b23565f3fd7018c4180136e1cf412b405a47af",
                "sha256:1c25694ca680b6919de53a4bb3bdd0602beafc63ff001fea2f2fc16ec3a11834",
                "sha256:1f19ef5d3908110e1e891deefb5586aae1b49a7440db952454b4e281b41620cd",
                "sha256:1fa6058938190ebe8290e5cae6c351e14e7bb44505c4a7624555ce57fbbeba0d",
                "sha256:31cbb1359e8c25f9f48e156e59e2eaad51cd5242c05ed18a8de6dbe85184e4b7",
                "sha256:3e835d8841ae7863f64e40e19477f7eb398674da6a47f09871673742531e6f4b",
                "sha256:4e97332c9ce444b0c2c38dd22ddc61c743eb208d916e4265a2a3b575bdccb1d3",
                "sha256:525396ee324ee2da82919f2ee9c9e73b012f23e7640131dd1b53a90206a0f09c",
                "sha256:52b07fbc32032c21ad4ab060fec137b76eb804c4b9a1c7c7dc562549306afad2",
                "sha256:52ccb45e77a1085ec5461cde794e1aa037df79f473cbc69b974e73940655c8d7",
                "sha256:5c3fbebd7de20ce93103cb3183b47671f2885307df4a17a0ad56a1dd51273d36",
                "sha256:5e5851969aea17660e55f6a3be00037a25b96a9b44d2083651812c99d53b14d1",
                "sha256:5edfa27b2d3eefa2210fb2f5d539fbed81722b49f083b2c6566455eb7422fd7e",
                "sha256:7d263e5770efddf465a9e31b78362d84d015cc894ca2c131901a4445eaa61ee1",
                "sha256:83381342bfc22b3c8c06f2dd93a505413888694302de25add756254beee8449c",
                "sha256:857eebb2c1dc60e4219ec8e98dfa19553dae33608237e107db9c6078b1167856",
                "sha256:98e439297f78fca3a6169fd330fbe88d78b3bb72f967ad9961bcac0d7fdd1550",
                "sha256:bf54103892a83c64db58125b3f2a43df6d2cb2d28889f14c78519394feb41492",
                "sha256:d9ac82be533394d341b41d78aca7ed0e0f4ba5a2231602e2f05aa87f25c51672",
                "sha256:e982fe07ede9fada6ff6705af70514a52beb1b2c3d25d4e873e82114cf3c5401",
                "sha256:edce2ea7f3dfc981c4ddc97add8a61381d9642dc3273737e756517cc03e84dd6",
                "sha256:efdc45ef1afc238db84cb4963aa689c0408912a0239b0721cb172b4016eb31d6",
                "sha256:f137c02498f8b935892d5c0172560d7ab54bc45039de8805075e19079c639a9c",
                "sha256:f82e347a72f955b7017a39708a3667f106e6ad4d10b25f237396a7115d8ed5fd",
                "sha256:fb7c206e01ad85ce57feeaaa0bf784b97fa3cad0d4a5737bc5295785f5c613a1"
            ],
            "version": "==1.1.0"
        },
        "more-itertools": {
            "hashes": [
                "sha256:c187a73da93e7a8acc0001572aebc7e3c69daf7bf6881a2cea10650bd4420092",
                "sha256:c476b5d3a34e12d40130bc2f935028b5f636df8f372dc2c1c01dc19681b2039e",
                "sha256:fcbfeaea0be121980e15bc97b3817b5202ca73d0eae185b4550cbfce2a3ebb3d"
            ],
            "version": "==4.3.0"
        },
        "pluggy": {
            "hashes": [
                "sha256:7f8ae7f5bdf75671a718d2daf0a64b7885f74510bcd98b1a0bb420eb9a9d0cff",
                "sha256:d345c8fe681115900d6da8d048ba67c25df42973bda370783cd58826442dcd7c",
                "sha256:e160a7fcf25762bb60efc7e171d4497ff1d8d2d75a3d0df7a21b76821ecbf5c5"
            ],
            "version": "==0.6.0"
        },
        "py": {
            "hashes": [
                "sha256:bf92637198836372b520efcba9e020c330123be8ce527e535d185ed4b6f45694",
                "sha256:e76826342cefe3c3d5f7e8ee4316b80d1dd8a300781612ddbc765c17ba25a6c6"
            ],
            "version": "==1.7.0"
        },
        "pytest": {
            "hashes": [
                "sha256:54713b26c97538db6ff0703a12b19aeaeb60b5e599de542e7fca0ec83b9038e8",
                "sha256:829230122facf05a5f81a6d4dfe6454a04978ea3746853b2b84567ecf8e5c526"
            ],
            "index": "pypi",
            "version": "==3.5.1"
        },
        "pytest-flask": {
            "hashes": [
                "sha256:2c5a36f9033ef8b6f85ddbefaebdd4f89197fc283f94b20dfe1a1beba4b77f03",
                "sha256:657c7de386215ab0230bee4d76ace0339ae82fcbb34e134e17a29f65032eef03"
            ],
            "index": "pypi",
            "version": "==0.10.0"
        },
        "pytest-mock": {
            "hashes": [
                "sha256:53801e621223d34724926a5c98bd90e8e417ce35264365d39d6c896388dcc928",
                "sha256:d89a8209d722b8307b5e351496830d5cc5e192336003a485443ae9adeb7dd4c0"
            ],
            "index": "pypi",
            "version": "==1.10.0"
        },
        "six": {
            "hashes": [
                "sha256:70e8a77beed4562e7f14fe23a786b54f6296e34344c23bc42f07b15018ff98e9",
                "sha256:832dc0e10feb1aa2c68dcc57dbb658f1c7e65b9b61af69048abc87a2db00a0eb"
            ],
            "version": "==1.11.0"
        },
        "werkzeug": {
            "hashes": [
                "sha256:c3fd7a7d41976d9f44db327260e263132466836cef6f91512889ed60ad26557c",
                "sha256:d5da73735293558eb1651ee2fddc4d0dedcfa06538b8813a2e20011583c9e49b"
            ],
            "version": "==0.14.1"
        }
    }
}
